// !$*UTF8*$!
{
	archiveVersion = 1;
	classes = {
	};
	objectVersion = 56;
	objects = {

/* Begin PBXBuildFile section */
		849C73082D4BE66900856E4F /* UserAppApp.swift in Sources */ = {isa = PBXBuildFile; fileRef = 849C73072D4BE66900856E4F /* UserAppApp.swift */; };
		849C730A2D4BE66900856E4F /* ContentView.swift in Sources */ = {isa = PBXBuildFile; fileRef = 849C73092D4BE66900856E4F /* ContentView.swift */; };
		849C730C2D4BE67300856E4F /* Assets.xcassets in Resources */ = {isa = PBXBuildFile; fileRef = 849C730B2D4BE67300856E4F /* Assets.xcassets */; };
		849C730F2D4BE67300856E4F /* Preview Assets.xcassets in Resources */ = {isa = PBXBuildFile; fileRef = 849C730E2D4BE67300856E4F /* Preview Assets.xcassets */; };
		849C73192D4BE67400856E4F /* UserAppTests.swift in Sources */ = {isa = PBXBuildFile; fileRef = 849C73182D4BE67400856E4F /* UserAppTests.swift */; };
		849C73232D4BE67400856E4F /* UserAppUITests.swift in Sources */ = {isa = PBXBuildFile; fileRef = 849C73222D4BE67400856E4F /* UserAppUITests.swift */; };
		849C73252D4BE67400856E4F /* UserAppUITestsLaunchTests.swift in Sources */ = {isa = PBXBuildFile; fileRef = 849C73242D4BE67400856E4F /* UserAppUITestsLaunchTests.swift */; };
		849C73322D4BE6E200856E4F /* LoginView.swift in Sources */ = {isa = PBXBuildFile; fileRef = 849C73312D4BE6E200856E4F /* LoginView.swift */; };
		849C73362D4BE75F00856E4F /* RegisterView.swift in Sources */ = {isa = PBXBuildFile; fileRef = 849C73352D4BE75F00856E4F /* RegisterView.swift */; };
		849C73382D4BE78400856E4F /* DashboardView.swift in Sources */ = {isa = PBXBuildFile; fileRef = 849C73372D4BE78400856E4F /* DashboardView.swift */; };
		849C73412D4BECA500856E4F /* UserApp.xcdatamodeld in Sources */ = {isa = PBXBuildFile; fileRef = 849C733F2D4BECA500856E4F /* UserApp.xcdatamodeld */; };
		849C73432D4BF08200856E4F /* PersistentController.swift in Sources */ = {isa = PBXBuildFile; fileRef = 849C73422D4BF08200856E4F /* PersistentController.swift */; };
		84CAD2C82D63135900197FB2 /* BookingAppointmentView.swift in Sources */ = {isa = PBXBuildFile; fileRef = 84CAD2C72D63135900197FB2 /* BookingAppointmentView.swift */; };
/* End PBXBuildFile section */

/* Begin PBXContainerItemProxy section */
		849C73152D4BE67400856E4F /* PBXContainerItemProxy */ = {
			isa = PBXContainerItemProxy;
			containerPortal = 849C72FC2D4BE66900856E4F /* Project object */;
			proxyType = 1;
			remoteGlobalIDString = 849C73032D4BE66900856E4F;
			remoteInfo = UserApp;
		};
		849C731F2D4BE67400856E4F /* PBXContainerItemProxy */ = {
			isa = PBXContainerItemProxy;
			containerPortal = 849C72FC2D4BE66900856E4F /* Project object */;
			proxyType = 1;
			remoteGlobalIDString = 849C73032D4BE66900856E4F;
			remoteInfo = UserApp;
		};
/* End PBXContainerItemProxy section */

/* Begin PBXFileReference section */
		849C73042D4BE66900856E4F /* UserApp.app */ = {isa = PBXFileReference; explicitFileType = wrapper.application; includeInIndex = 0; path = UserApp.app; sourceTree = BUILT_PRODUCTS_DIR; };
		849C73072D4BE66900856E4F /* UserAppApp.swift */ = {isa = PBXFileReference; lastKnownFileType = sourcecode.swift; path = UserAppApp.swift; sourceTree = "<group>"; };
		849C73092D4BE66900856E4F /* ContentView.swift */ = {isa = PBXFileReference; lastKnownFileType = sourcecode.swift; path = ContentView.swift; sourceTree = "<group>"; };
		849C730B2D4BE67300856E4F /* Assets.xcassets */ = {isa = PBXFileReference; lastKnownFileType = folder.assetcatalog; path = Assets.xcassets; sourceTree = "<group>"; };
		849C730E2D4BE67300856E4F /* Preview Assets.xcassets */ = {isa = PBXFileReference; lastKnownFileType = folder.assetcatalog; path = "Preview Assets.xcassets"; sourceTree = "<group>"; };
		849C73142D4BE67400856E4F /* UserAppTests.xctest */ = {isa = PBXFileReference; explicitFileType = wrapper.cfbundle; includeInIndex = 0; path = UserAppTests.xctest; sourceTree = BUILT_PRODUCTS_DIR; };
		849C73182D4BE67400856E4F /* UserAppTests.swift */ = {isa = PBXFileReference; lastKnownFileType = sourcecode.swift; path = UserAppTests.swift; sourceTree = "<group>"; };
		849C731E2D4BE67400856E4F /* UserAppUITests.xctest */ = {isa = PBXFileReference; explicitFileType = wrapper.cfbundle; includeInIndex = 0; path = UserAppUITests.xctest; sourceTree = BUILT_PRODUCTS_DIR; };
		849C73222D4BE67400856E4F /* UserAppUITests.swift */ = {isa = PBXFileReference; lastKnownFileType = sourcecode.swift; path = UserAppUITests.swift; sourceTree = "<group>"; };
		849C73242D4BE67400856E4F /* UserAppUITestsLaunchTests.swift */ = {isa = PBXFileReference; lastKnownFileType = sourcecode.swift; path = UserAppUITestsLaunchTests.swift; sourceTree = "<group>"; };
		849C73312D4BE6E200856E4F /* LoginView.swift */ = {isa = PBXFileReference; lastKnownFileType = sourcecode.swift; path = LoginView.swift; sourceTree = "<group>"; };
		849C73352D4BE75F00856E4F /* RegisterView.swift */ = {isa = PBXFileReference; lastKnownFileType = sourcecode.swift; path = RegisterView.swift; sourceTree = "<group>"; };
		849C73372D4BE78400856E4F /* DashboardView.swift */ = {isa = PBXFileReference; lastKnownFileType = sourcecode.swift; path = DashboardView.swift; sourceTree = "<group>"; };
		849C73402D4BECA500856E4F /* UserApp.xcdatamodel */ = {isa = PBXFileReference; lastKnownFileType = wrapper.xcdatamodel; path = UserApp.xcdatamodel; sourceTree = "<group>"; };
		849C73422D4BF08200856E4F /* PersistentController.swift */ = {isa = PBXFileReference; lastKnownFileType = sourcecode.swift; path = PersistentController.swift; sourceTree = "<group>"; };
		84CAD2C72D63135900197FB2 /* BookingAppointmentView.swift */ = {isa = PBXFileReference; lastKnownFileType = sourcecode.swift; path = BookingAppointmentView.swift; sourceTree = "<group>"; };
/* End PBXFileReference section */

/* Begin PBXFrameworksBuildPhase section */
		849C73012D4BE66900856E4F /* Frameworks */ = {
			isa = PBXFrameworksBuildPhase;
			buildActionMask = 2147483647;
			files = (
			);
			runOnlyForDeploymentPostprocessing = 0;
		};
		849C73112D4BE67400856E4F /* Frameworks */ = {
			isa = PBXFrameworksBuildPhase;
			buildActionMask = 2147483647;
			files = (
			);
			runOnlyForDeploymentPostprocessing = 0;
		};
		849C731B2D4BE67400856E4F /* Frameworks */ = {
			isa = PBXFrameworksBuildPhase;
			buildActionMask = 2147483647;
			files = (
			);
			runOnlyForDeploymentPostprocessing = 0;
		};
/* End PBXFrameworksBuildPhase section */

/* Begin PBXGroup section */
		849C72FB2D4BE66900856E4F = {
			isa = PBXGroup;
			children = (
				849C73062D4BE66900856E4F /* UserApp */,
				849C73172D4BE67400856E4F /* UserAppTests */,
				849C73212D4BE67400856E4F /* UserAppUITests */,
				849C73052D4BE66900856E4F /* Products */,
			);
			sourceTree = "<group>";
		};
		849C73052D4BE66900856E4F /* Products */ = {
			isa = PBXGroup;
			children = (
				849C73042D4BE66900856E4F /* UserApp.app */,
				849C73142D4BE67400856E4F /* UserAppTests.xctest */,
				849C731E2D4BE67400856E4F /* UserAppUITests.xctest */,
			);
			name = Products;
			sourceTree = "<group>";
		};
		849C73062D4BE66900856E4F /* UserApp */ = {
			isa = PBXGroup;
			children = (
				849C73072D4BE66900856E4F /* UserAppApp.swift */,
				849C73092D4BE66900856E4F /* ContentView.swift */,
				849C73372D4BE78400856E4F /* DashboardView.swift */,
				849C73352D4BE75F00856E4F /* RegisterView.swift */,
				849C73312D4BE6E200856E4F /* LoginView.swift */,
				849C730B2D4BE67300856E4F /* Assets.xcassets */,
				849C730D2D4BE67300856E4F /* Preview Content */,
				849C733F2D4BECA500856E4F /* UserApp.xcdatamodeld */,
				849C73422D4BF08200856E4F /* PersistentController.swift */,
				84CAD2C72D63135900197FB2 /* BookingAppointmentView.swift */,
			);
			path = UserApp;
			sourceTree = "<group>";
		};
		849C730D2D4BE67300856E4F /* Preview Content */ = {
			isa = PBXGroup;
			children = (
				849C730E2D4BE67300856E4F /* Preview Assets.xcassets */,
			);
			path = "Preview Content";
			sourceTree = "<group>";
		};
		849C73172D4BE67400856E4F /* UserAppTests */ = {
			isa = PBXGroup;
			children = (
				849C73182D4BE67400856E4F /* UserAppTests.swift */,
			);
			path = UserAppTests;
			sourceTree = "<group>";
		};
		849C73212D4BE67400856E4F /* UserAppUITests */ = {
			isa = PBXGroup;
			children = (
				849C73222D4BE67400856E4F /* UserAppUITests.swift */,
				849C73242D4BE67400856E4F /* UserAppUITestsLaunchTests.swift */,
			);
			path = UserAppUITests;
			sourceTree = "<group>";
		};
/* End PBXGroup section */

/* Begin PBXNativeTarget section */
		849C73032D4BE66900856E4F /* UserApp */ = {
			isa = PBXNativeTarget;
			buildConfigurationList = 849C73282D4BE67400856E4F /* Build configuration list for PBXNativeTarget "UserApp" */;
			buildPhases = (
				849C73002D4BE66900856E4F /* Sources */,
				849C73012D4BE66900856E4F /* Frameworks */,
				849C73022D4BE66900856E4F /* Resources */,
			);
			buildRules = (
			);
			dependencies = (
			);
			name = UserApp;
			productName = UserApp;
			productReference = 849C73042D4BE66900856E4F /* UserApp.app */;
			productType = "com.apple.product-type.application";
		};
		849C73132D4BE67400856E4F /* UserAppTests */ = {
			isa = PBXNativeTarget;
			buildConfigurationList = 849C732B2D4BE67400856E4F /* Build configuration list for PBXNativeTarget "UserAppTests" */;
			buildPhases = (
				849C73102D4BE67400856E4F /* Sources */,
				849C73112D4BE67400856E4F /* Frameworks */,
				849C73122D4BE67400856E4F /* Resources */,
			);
			buildRules = (
			);
			dependencies = (
				849C73162D4BE67400856E4F /* PBXTargetDependency */,
			);
			name = UserAppTests;
			productName = UserAppTests;
			productReference = 849C73142D4BE67400856E4F /* UserAppTests.xctest */;
			productType = "com.apple.product-type.bundle.unit-test";
		};
		849C731D2D4BE67400856E4F /* UserAppUITests */ = {
			isa = PBXNativeTarget;
			buildConfigurationList = 849C732E2D4BE67400856E4F /* Build configuration list for PBXNativeTarget "UserAppUITests" */;
			buildPhases = (
				849C731A2D4BE67400856E4F /* Sources */,
				849C731B2D4BE67400856E4F /* Frameworks */,
				849C731C2D4BE67400856E4F /* Resources */,
			);
			buildRules = (
			);
			dependencies = (
				849C73202D4BE67400856E4F /* PBXTargetDependency */,
			);
			name = UserAppUITests;
			productName = UserAppUITests;
			productReference = 849C731E2D4BE67400856E4F /* UserAppUITests.xctest */;
			productType = "com.apple.product-type.bundle.ui-testing";
		};
/* End PBXNativeTarget section */

/* Begin PBXProject section */
		849C72FC2D4BE66900856E4F /* Project object */ = {
			isa = PBXProject;
			attributes = {
				BuildIndependentTargetsInParallel = 1;
				LastSwiftUpdateCheck = 1400;
				LastUpgradeCheck = 1400;
				TargetAttributes = {
					849C73032D4BE66900856E4F = {
						CreatedOnToolsVersion = 14.0.1;
					};
					849C73132D4BE67400856E4F = {
						CreatedOnToolsVersion = 14.0.1;
						TestTargetID = 849C73032D4BE66900856E4F;
					};
					849C731D2D4BE67400856E4F = {
						CreatedOnToolsVersion = 14.0.1;
						TestTargetID = 849C73032D4BE66900856E4F;
					};
				};
			};
			buildConfigurationList = 849C72FF2D4BE66900856E4F /* Build configuration list for PBXProject "UserApp" */;
			compatibilityVersion = "Xcode 14.0";
			developmentRegion = en;
			hasScannedForEncodings = 0;
			knownRegions = (
				en,
				Base,
			);
			mainGroup = 849C72FB2D4BE66900856E4F;
			productRefGroup = 849C73052D4BE66900856E4F /* Products */;
			projectDirPath = "";
			projectRoot = "";
			targets = (
				849C73032D4BE66900856E4F /* UserApp */,
				849C73132D4BE67400856E4F /* UserAppTests */,
				849C731D2D4BE67400856E4F /* UserAppUITests */,
			);
		};
/* End PBXProject section */

/* Begin PBXResourcesBuildPhase section */
		849C73022D4BE66900856E4F /* Resources */ = {
			isa = PBXResourcesBuildPhase;
			buildActionMask = 2147483647;
			files = (
				849C730F2D4BE67300856E4F /* Preview Assets.xcassets in Resources */,
				849C730C2D4BE67300856E4F /* Assets.xcassets in Resources */,
			);
			runOnlyForDeploymentPostprocessing = 0;
		};
		849C73122D4BE67400856E4F /* Resources */ = {
			isa = PBXResourcesBuildPhase;
			buildActionMask = 2147483647;
			files = (
			);
			runOnlyForDeploymentPostprocessing = 0;
		};
		849C731C2D4BE67400856E4F /* Resources */ = {
			isa = PBXResourcesBuildPhase;
			buildActionMask = 2147483647;
			files = (
			);
			runOnlyForDeploymentPostprocessing = 0;
		};
/* End PBXResourcesBuildPhase section */

/* Begin PBXSourcesBuildPhase section */
		849C73002D4BE66900856E4F /* Sources */ = {
			isa = PBXSourcesBuildPhase;
			buildActionMask = 2147483647;
			files = (
				849C73322D4BE6E200856E4F /* LoginView.swift in Sources */,
				849C73432D4BF08200856E4F /* PersistentController.swift in Sources */,
				84CAD2C82D63135900197FB2 /* BookingAppointmentView.swift in Sources */,
				849C73362D4BE75F00856E4F /* RegisterView.swift in Sources */,
				849C73412D4BECA500856E4F /* UserApp.xcdatamodeld in Sources */,
				849C73382D4BE78400856E4F /* DashboardView.swift in Sources */,
				849C730A2D4BE66900856E4F /* ContentView.swift in Sources */,
				849C73082D4BE66900856E4F /* UserAppApp.swift in Sources */,
			);
			runOnlyForDeploymentPostprocessing = 0;
		};
		849C73102D4BE67400856E4F /* Sources */ = {
			isa = PBXSourcesBuildPhase;
			buildActionMask = 2147483647;
			files = (
				849C73192D4BE67400856E4F /* UserAppTests.swift in Sources */,
			);
			runOnlyForDeploymentPostprocessing = 0;
		};
		849C731A2D4BE67400856E4F /* Sources */ = {
			isa = PBXSourcesBuildPhase;
			buildActionMask = 2147483647;
			files = (
				849C73232D4BE67400856E4F /* UserAppUITests.swift in Sources */,
				849C73252D4BE67400856E4F /* UserAppUITestsLaunchTests.swift in Sources */,
			);
			runOnlyForDeploymentPostprocessing = 0;
		};
/* End PBXSourcesBuildPhase section */

/* Begin PBXTargetDependency section */
		849C73162D4BE67400856E4F /* PBXTargetDependency */ = {
			isa = PBXTargetDependency;
			target = 849C73032D4BE66900856E4F /* UserApp */;
			targetProxy = 849C73152D4BE67400856E4F /* PBXContainerItemProxy */;
		};
		849C73202D4BE67400856E4F /* PBXTargetDependency */ = {
			isa = PBXTargetDependency;
			target = 849C73032D4BE66900856E4F /* UserApp */;
			targetProxy = 849C731F2D4BE67400856E4F /* PBXContainerItemProxy */;
		};
/* End PBXTargetDependency section */

/* Begin XCBuildConfiguration section */
		849C73262D4BE67400856E4F /* Debug */ = {
			isa = XCBuildConfiguration;
			buildSettings = {
				ALWAYS_SEARCH_USER_PATHS = NO;
				CLANG_ANALYZER_NONNULL = YES;
				CLANG_ANALYZER_NUMBER_OBJECT_CONVERSION = YES_AGGRESSIVE;
				CLANG_CXX_LANGUAGE_STANDARD = "gnu++20";
				CLANG_ENABLE_MODULES = YES;
				CLANG_ENABLE_OBJC_ARC = YES;
				CLANG_ENABLE_OBJC_WEAK = YES;
				CLANG_WARN_BLOCK_CAPTURE_AUTORELEASING = YES;
				CLANG_WARN_BOOL_CONVERSION = YES;
				CLANG_WARN_COMMA = YES;
				CLANG_WARN_CONSTANT_CONVERSION = YES;
				CLANG_WARN_DEPRECATED_OBJC_IMPLEMENTATIONS = YES;
				CLANG_WARN_DIRECT_OBJC_ISA_USAGE = YES_ERROR;
				CLANG_WARN_DOCUMENTATION_COMMENTS = YES;
				CLANG_WARN_EMPTY_BODY = YES;
				CLANG_WARN_ENUM_CONVERSION = YES;
				CLANG_WARN_INFINITE_RECURSION = YES;
				CLANG_WARN_INT_CONVERSION = YES;
				CLANG_WARN_NON_LITERAL_NULL_CONVERSION = YES;
				CLANG_WARN_OBJC_IMPLICIT_RETAIN_SELF = YES;
				CLANG_WARN_OBJC_LITERAL_CONVERSION = YES;
				CLANG_WARN_OBJC_ROOT_CLASS = YES_ERROR;
				CLANG_WARN_QUOTED_INCLUDE_IN_FRAMEWORK_HEADER = YES;
				CLANG_WARN_RANGE_LOOP_ANALYSIS = YES;
				CLANG_WARN_STRICT_PROTOTYPES = YES;
				CLANG_WARN_SUSPICIOUS_MOVE = YES;
				CLANG_WARN_UNGUARDED_AVAILABILITY = YES_AGGRESSIVE;
				CLANG_WARN_UNREACHABLE_CODE = YES;
				CLANG_WARN__DUPLICATE_METHOD_MATCH = YES;
				COPY_PHASE_STRIP = NO;
				DEBUG_INFORMATION_FORMAT = dwarf;
				ENABLE_STRICT_OBJC_MSGSEND = YES;
				ENABLE_TESTABILITY = YES;
				GCC_C_LANGUAGE_STANDARD = gnu11;
				GCC_DYNAMIC_NO_PIC = NO;
				GCC_NO_COMMON_BLOCKS = YES;
				GCC_OPTIMIZATION_LEVEL = 0;
				GCC_PREPROCESSOR_DEFINITIONS = (
					"DEBUG=1",
					"$(inherited)",
				);
				GCC_WARN_64_TO_32_BIT_CONVERSION = YES;
				GCC_WARN_ABOUT_RETURN_TYPE = YES_ERROR;
				GCC_WARN_UNDECLARED_SELECTOR = YES;
				GCC_WARN_UNINITIALIZED_AUTOS = YES_AGGRESSIVE;
				GCC_WARN_UNUSED_FUNCTION = YES;
				GCC_WARN_UNUSED_VARIABLE = YES;
				IPHONEOS_DEPLOYMENT_TARGET = 16.0;
				MTL_ENABLE_DEBUG_INFO = INCLUDE_SOURCE;
				MTL_FAST_MATH = YES;
				ONLY_ACTIVE_ARCH = YES;
				SDKROOT = iphoneos;
				SWIFT_ACTIVE_COMPILATION_CONDITIONS = DEBUG;
				SWIFT_OPTIMIZATION_LEVEL = "-Onone";
			};
			name = Debug;
		};
		849C73272D4BE67400856E4F /* Release */ = {
			isa = XCBuildConfiguration;
			buildSettings = {
				ALWAYS_SEARCH_USER_PATHS = NO;
				CLANG_ANALYZER_NONNULL = YES;
				CLANG_ANALYZER_NUMBER_OBJECT_CONVERSION = YES_AGGRESSIVE;
				CLANG_CXX_LANGUAGE_STANDARD = "gnu++20";
				CLANG_ENABLE_MODULES = YES;
				CLANG_ENABLE_OBJC_ARC = YES;
				CLANG_ENABLE_OBJC_WEAK = YES;
				CLANG_WARN_BLOCK_CAPTURE_AUTORELEASING = YES;
				CLANG_WARN_BOOL_CONVERSION = YES;
				CLANG_WARN_COMMA = YES;
				CLANG_WARN_CONSTANT_CONVERSION = YES;
				CLANG_WARN_DEPRECATED_OBJC_IMPLEMENTATIONS = YES;
				CLANG_WARN_DIRECT_OBJC_ISA_USAGE = YES_ERROR;
				CLANG_WARN_DOCUMENTATION_COMMENTS = YES;
				CLANG_WARN_EMPTY_BODY = YES;
				CLANG_WARN_ENUM_CONVERSION = YES;
				CLANG_WARN_INFINITE_RECURSION = YES;
				CLANG_WARN_INT_CONVERSION = YES;
				CLANG_WARN_NON_LITERAL_NULL_CONVERSION = YES;
				CLANG_WARN_OBJC_IMPLICIT_RETAIN_SELF = YES;
				CLANG_WARN_OBJC_LITERAL_CONVERSION = YES;
				CLANG_WARN_OBJC_ROOT_CLASS = YES_ERROR;
				CLANG_WARN_QUOTED_INCLUDE_IN_FRAMEWORK_HEADER = YES;
				CLANG_WARN_RANGE_LOOP_ANALYSIS = YES;
				CLANG_WARN_STRICT_PROTOTYPES = YES;
				CLANG_WARN_SUSPICIOUS_MOVE = YES;
				CLANG_WARN_UNGUARDED_AVAILABILITY = YES_AGGRESSIVE;
				CLANG_WARN_UNREACHABLE_CODE = YES;
				CLANG_WARN__DUPLICATE_METHOD_MATCH = YES;
				COPY_PHASE_STRIP = NO;
				DEBUG_INFORMATION_FORMAT = "dwarf-with-dsym";
				ENABLE_NS_ASSERTIONS = NO;
				ENABLE_STRICT_OBJC_MSGSEND = YES;
				GCC_C_LANGUAGE_STANDARD = gnu11;
				GCC_NO_COMMON_BLOCKS = YES;
				GCC_WARN_64_TO_32_BIT_CONVERSION = YES;
				GCC_WARN_ABOUT_RETURN_TYPE = YES_ERROR;
				GCC_WARN_UNDECLARED_SELECTOR = YES;
				GCC_WARN_UNINITIALIZED_AUTOS = YES_AGGRESSIVE;
				GCC_WARN_UNUSED_FUNCTION = YES;
				GCC_WARN_UNUSED_VARIABLE = YES;
				IPHONEOS_DEPLOYMENT_TARGET = 16.0;
				MTL_ENABLE_DEBUG_INFO = NO;
				MTL_FAST_MATH = YES;
				SDKROOT = iphoneos;
				SWIFT_COMPILATION_MODE = wholemodule;
				SWIFT_OPTIMIZATION_LEVEL = "-O";
				VALIDATE_PRODUCT = YES;
			};
			name = Release;
		};
		849C73292D4BE67400856E4F /* Debug */ = {
			isa = XCBuildConfiguration;
			buildSettings = {
				ASSETCATALOG_COMPILER_APPICON_NAME = AppIcon;
				ASSETCATALOG_COMPILER_GLOBAL_ACCENT_COLOR_NAME = AccentColor;
				CODE_SIGN_STYLE = Automatic;
				CURRENT_PROJECT_VERSION = 1;
				DEVELOPMENT_ASSET_PATHS = "\"UserApp/Preview Content\"";
				ENABLE_PREVIEWS = YES;
				GENERATE_INFOPLIST_FILE = YES;
				INFOPLIST_KEY_UIApplicationSceneManifest_Generation = YES;
				INFOPLIST_KEY_UIApplicationSupportsIndirectInputEvents = YES;
				INFOPLIST_KEY_UILaunchScreen_Generation = YES;
				INFOPLIST_KEY_UISupportedInterfaceOrientations_iPad = "UIInterfaceOrientationPortrait UIInterfaceOrientationPortraitUpsideDown UIInterfaceOrientationLandscapeLeft UIInterfaceOrientationLandscapeRight";
				INFOPLIST_KEY_UISupportedInterfaceOrientations_iPhone = "UIInterfaceOrientationPortrait UIInterfaceOrientationLandscapeLeft UIInterfaceOrientationLandscapeRight";
				LD_RUNPATH_SEARCH_PATHS = (
					"$(inherited)",
					"@executable_path/Frameworks",
				);
				MARKETING_VERSION = 1.0;
				PRODUCT_BUNDLE_IDENTIFIER = com.example.sampleapp.UserApp;
				PRODUCT_NAME = "$(TARGET_NAME)";
				SWIFT_EMIT_LOC_STRINGS = YES;
				SWIFT_VERSION = 5.0;
				TARGETED_DEVICE_FAMILY = "1,2";
			};
			name = Debug;
		};
		849C732A2D4BE67400856E4F /* Release */ = {
			isa = XCBuildConfiguration;
			buildSettings = {
				ASSETCATALOG_COMPILER_APPICON_NAME = AppIcon;
				ASSETCATALOG_COMPILER_GLOBAL_ACCENT_COLOR_NAME = AccentColor;
				CODE_SIGN_STYLE = Automatic;
				CURRENT_PROJECT_VERSION = 1;
				DEVELOPMENT_ASSET_PATHS = "\"UserApp/Preview Content\"";
				ENABLE_PREVIEWS = YES;
				GENERATE_INFOPLIST_FILE = YES;
				INFOPLIST_KEY_UIApplicationSceneManifest_Generation = YES;
				INFOPLIST_KEY_UIApplicationSupportsIndirectInputEvents = YES;
				INFOPLIST_KEY_UILaunchScreen_Generation = YES;
				INFOPLIST_KEY_UISupportedInterfaceOrientations_iPad = "UIInterfaceOrientationPortrait UIInterfaceOrientationPortraitUpsideDown UIInterfaceOrientationLandscapeLeft UIInterfaceOrientationLandscapeRight";
				INFOPLIST_KEY_UISupportedInterfaceOrientations_iPhone = "UIInterfaceOrientationPortrait UIInterfaceOrientationLandscapeLeft UIInterfaceOrientationLandscapeRight";
				LD_RUNPATH_SEARCH_PATHS = (
					"$(inherited)",
					"@executable_path/Frameworks",
				);
				MARKETING_VERSION = 1.0;
				PRODUCT_BUNDLE_IDENTIFIER = com.example.sampleapp.UserApp;
				PRODUCT_NAME = "$(TARGET_NAME)";
				SWIFT_EMIT_LOC_STRINGS = YES;
				SWIFT_VERSION = 5.0;
				TARGETED_DEVICE_FAMILY = "1,2";
			};
			name = Release;
		};
		849C732C2D4BE67400856E4F /* Debug */ = {
			isa = XCBuildConfiguration;
			buildSettings = {
				ALWAYS_EMBED_SWIFT_STANDARD_LIBRARIES = YES;
				BUNDLE_LOADER = "$(TEST_HOST)";
				CODE_SIGN_STYLE = Automatic;
				CURRENT_PROJECT_VERSION = 1;
				GENERATE_INFOPLIST_FILE = YES;
				IPHONEOS_DEPLOYMENT_TARGET = 16.0;
				MARKETING_VERSION = 1.0;
				PRODUCT_BUNDLE_IDENTIFIER = com.example.sampleapp.UserAppTests;
				PRODUCT_NAME = "$(TARGET_NAME)";
				SWIFT_EMIT_LOC_STRINGS = NO;
				SWIFT_VERSION = 5.0;
				TARGETED_DEVICE_FAMILY = "1,2";
				TEST_HOST = "$(BUILT_PRODUCTS_DIR)/UserApp.app/$(BUNDLE_EXECUTABLE_FOLDER_PATH)/UserApp";
			};
			name = Debug;
		};
		849C732D2D4BE67400856E4F /* Release */ = {
			isa = XCBuildConfiguration;
			buildSettings = {
				ALWAYS_EMBED_SWIFT_STANDARD_LIBRARIES = YES;
				BUNDLE_LOADER = "$(TEST_HOST)";
				CODE_SIGN_STYLE = Automatic;
				CURRENT_PROJECT_VERSION = 1;
				GENERATE_INFOPLIST_FILE = YES;
				IPHONEOS_DEPLOYMENT_TARGET = 16.0;
				MARKETING_VERSION = 1.0;
				PRODUCT_BUNDLE_IDENTIFIER = com.example.sampleapp.UserAppTests;
				PRODUCT_NAME = "$(TARGET_NAME)";
				SWIFT_EMIT_LOC_STRINGS = NO;
				SWIFT_VERSION = 5.0;
				TARGETED_DEVICE_FAMILY = "1,2";
				TEST_HOST = "$(BUILT_PRODUCTS_DIR)/UserApp.app/$(BUNDLE_EXECUTABLE_FOLDER_PATH)/UserApp";
			};
			name = Release;
		};
		849C732F2D4BE67400856E4F /* Debug */ = {
			isa = XCBuildConfiguration;
			buildSettings = {
				ALWAYS_EMBED_SWIFT_STANDARD_LIBRARIES = YES;
				CODE_SIGN_STYLE = Automatic;
				CURRENT_PROJECT_VERSION = 1;
				GENERATE_INFOPLIST_FILE = YES;
				MARKETING_VERSION = 1.0;
				PRODUCT_BUNDLE_IDENTIFIER = com.example.sampleapp.UserAppUITests;
				PRODUCT_NAME = "$(TARGET_NAME)";
				SWIFT_EMIT_LOC_STRINGS = NO;
				SWIFT_VERSION = 5.0;
				TARGETED_DEVICE_FAMILY = "1,2";
				TEST_TARGET_NAME = UserApp;
			};
			name = Debug;
		};
		849C73302D4BE67400856E4F /* Release */ = {
			isa = XCBuildConfiguration;
			buildSettings = {
				ALWAYS_EMBED_SWIFT_STANDARD_LIBRARIES = YES;
				CODE_SIGN_STYLE = Automatic;
				CURRENT_PROJECT_VERSION = 1;
				GENERATE_INFOPLIST_FILE = YES;
				MARKETING_VERSION = 1.0;
				PRODUCT_BUNDLE_IDENTIFIER = com.example.sampleapp.UserAppUITests;
				PRODUCT_NAME = "$(TARGET_NAME)";
				SWIFT_EMIT_LOC_STRINGS = NO;
				SWIFT_VERSION = 5.0;
				TARGETED_DEVICE_FAMILY = "1,2";
				TEST_TARGET_NAME = UserApp;
			};
			name = Release;
		};
/* End XCBuildConfiguration section */

/* Begin XCConfigurationList section */
		849C72FF2D4BE66900856E4F /* Build configuration list for PBXProject "UserApp" */ = {
			isa = XCConfigurationList;
			buildConfigurations = (
				849C73262D4BE67400856E4F /* Debug */,
				849C73272D4BE67400856E4F /* Release */,
			);
			defaultConfigurationIsVisible = 0;
			defaultConfigurationName = Release;
		};
		849C73282D4BE67400856E4F /* Build configuration list for PBXNativeTarget "UserApp" */ = {
			isa = XCConfigurationList;
			buildConfigurations = (
				849C73292D4BE67400856E4F /* Debug */,
				849C732A2D4BE67400856E4F /* Release */,
			);
			defaultConfigurationIsVisible = 0;
			defaultConfigurationName = Release;
		};
		849C732B2D4BE67400856E4F /* Build configuration list for PBXNativeTarget "UserAppTests" */ = {
			isa = XCConfigurationList;
			buildConfigurations = (
				849C732C2D4BE67400856E4F /* Debug */,
				849C732D2D4BE67400856E4F /* Release */,
			);
			defaultConfigurationIsVisible = 0;
			defaultConfigurationName = Release;
		};
		849C732E2D4BE67400856E4F /* Build configuration list for PBXNativeTarget "UserAppUITests" */ = {
			isa = XCConfigurationList;
			buildConfigurations = (
				849C732F2D4BE67400856E4F /* Debug */,
				849C73302D4BE67400856E4F /* Release */,
			);
			defaultConfigurationIsVisible = 0;
			defaultConfigurationName = Release;
		};
/* End XCConfigurationList section */

/* Begin XCVersionGroup section */
		849C733F2D4BECA500856E4F /* UserApp.xcdatamodeld */ = {
			isa = XCVersionGroup;
			children = (
				849C73402D4BECA500856E4F /* UserApp.xcdatamodel */,
			);
			currentVersion = 849C73402D4BECA500856E4F /* UserApp.xcdatamodel */;
			path = UserApp.xcdatamodeld;
			sourceTree = "<group>";
			versionGroupType = wrapper.xcdatamodel;
		};
/* End XCVersionGroup section */
	};
	rootObject = 849C72FC2D4BE66900856E4F /* Project object */;
}
